uuid: 483494b1-4907-4099-afeb-61abfdce1436
langcode: ru
status: true
dependencies:
  config:
    - contact.form.call_order
  module:
    - contact_block
  theme:
    - droopler_subtheme
id: contactblock
theme: droopler_subtheme
region: featured_bottom_third
weight: -11
provider: null
plugin: contact_block
settings:
  id: contact_block
  label: 'Contact block'
  provider: contact_block
  label_display: '0'
  contact_form: call_order
visibility: {  }
